
Microsoft Visual Studio Solution File, Format Version 12.00
# Visual Studio Version 16
VisualStudioVersion = 16.0.31702.278
MinimumVisualStudioVersion = 10.0.40219.1
Project("{FAE04EC0-301F-11D3-BF4B-00C04F79EFBC}") = "CulculateTest", "CulculateTest\CulculateTest.csproj", "{74938973-E745-42A0-99EA-F9084991884A}"
EndProject
Project("{FAE04EC0-301F-11D3-BF4B-00C04F79EFBC}") = "ConsoleCulculateTest", "ConsoleCulculateTest\ConsoleCulculateTest.csproj", "{B18655C4-988D-400B-BA60-1ACDD556C97E}"
EndProject
Global
	GlobalSection(SolutionConfigurationPlatforms) = preSolution
		Debug|Any CPU = Debug|Any CPU
		Release|Any CPU = Release|Any CPU
	EndGlobalSection
	GlobalSection(ProjectConfigurationPlatforms) = postSolution
		{74938973-E745-42A0-99EA-F9084991884A}.Debug|Any CPU.ActiveCfg = Debug|Any CPU
		{74938973-E745-42A0-99EA-F9084991884A}.Debug|Any CPU.Build.0 = Debug|Any CPU
		{74938973-E745-42A0-99EA-F9084991884A}.Release|Any CPU.ActiveCfg = Release|Any CPU
		{74938973-E745-42A0-99EA-F9084991884A}.Release|Any CPU.Build.0 = Release|Any CPU
		{B18655C4-988D-400B-BA60-1ACDD556C97E}.Debug|Any CPU.ActiveCfg = Debug|Any CPU
		{B18655C4-988D-400B-BA60-1ACDD556C97E}.Debug|Any CPU.Build.0 = Debug|Any CPU
		{B18655C4-988D-400B-BA60-1ACDD556C97E}.Release|Any CPU.ActiveCfg = Release|Any CPU
		{B18655C4-988D-400B-BA60-1ACDD556C97E}.Release|Any CPU.Build.0 = Release|Any CPU
	EndGlobalSection
	GlobalSection(SolutionProperties) = preSolution
		HideSolutionNode = FALSE
	EndGlobalSection
	GlobalSection(ExtensibilityGlobals) = postSolution
		SolutionGuid = {A1BB30CC-3310-43E2-882B-E1823257D998}
	EndGlobalSection
EndGlobal
